
Microsoft Visual Studio Solution File, Format Version 12.00
# Visual Studio Version 17
VisualStudioVersion = 17.7.34024.191
MinimumVisualStudioVersion = 10.0.40219.1
Project("{FAE04EC0-301F-11D3-BF4B-00C04F79EFBC}") = "net-calculator-tester", "net-calculator-tester\net-calculator-tester.csproj", "{568BBE16-7A8C-43C5-848C-09CB48BE9A25}"
EndProject
Project("{FAE04EC0-301F-11D3-BF4B-00C04F79EFBC}") = "CalculatorTest", "CalculatorTest\CalculatorTest.csproj", "{ED6C0D0E-9815-4C14-A6F0-F335BEC5A671}"
EndProject
Global
	GlobalSection(SolutionConfigurationPlatforms) = preSolution
		Debug|Any CPU = Debug|Any CPU
		Release|Any CPU = Release|Any CPU
	EndGlobalSection
	GlobalSection(ProjectConfigurationPlatforms) = postSolution
		{568BBE16-7A8C-43C5-848C-09CB48BE9A25}.Debug|Any CPU.ActiveCfg = Debug|Any CPU
		{568BBE16-7A8C-43C5-848C-09CB48BE9A25}.Debug|Any CPU.Build.0 = Debug|Any CPU
		{568BBE16-7A8C-43C5-848C-09CB48BE9A25}.Release|Any CPU.ActiveCfg = Release|Any CPU
		{568BBE16-7A8C-43C5-848C-09CB48BE9A25}.Release|Any CPU.Build.0 = Release|Any CPU
		{ED6C0D0E-9815-4C14-A6F0-F335BEC5A671}.Debug|Any CPU.ActiveCfg = Debug|Any CPU
		{ED6C0D0E-9815-4C14-A6F0-F335BEC5A671}.Debug|Any CPU.Build.0 = Debug|Any CPU
		{ED6C0D0E-9815-4C14-A6F0-F335BEC5A671}.Release|Any CPU.ActiveCfg = Release|Any CPU
		{ED6C0D0E-9815-4C14-A6F0-F335BEC5A671}.Release|Any CPU.Build.0 = Release|Any CPU
	EndGlobalSection
	GlobalSection(SolutionProperties) = preSolution
		HideSolutionNode = FALSE
	EndGlobalSection
	GlobalSection(ExtensibilityGlobals) = postSolution
		SolutionGuid = {AF497AF2-C078-4071-8ED9-CBA5F2C9A370}
	EndGlobalSection
EndGlobal
